{
  "name": "certmaster",
  "version": "1.0.0",
  "lockfileVersion": 3,
  "requires": true,
  "packages": {
    "": {
      "name": "certmaster",
      "version": "1.0.0",
      "dependencies": {
        "ag-grid-community": "^31.0.0"
      },
      "devDependencies": {
        "tailwindcss": "^4.1.18"
      }
    },
    "node_modules/ag-grid-community": {
      "version": "31.3.4",
      "resolved": "https://registry.npmjs.org/ag-grid-community/-/ag-grid-community-31.3.4.tgz",
      "integrity": "sha512-jOxQO86C6eLnk1GdP24HB6aqaouFzMWizgfUwNY5MnetiWzz9ZaAmOGSnW/XBvdjXvC5Fpk3gSbvVKKQ7h9kBw=="
    },
    "node_modules/tailwindcss": {
      "version": "4.1.18",
      "resolved": "https://registry.npmjs.org/tailwindcss/-/tailwindcss-4.1.18.tgz",
      "integrity": "sha512-4+Z+0yiYyEtUVCScyfHCxOYP06L5Ne+JiHhY2IjR2KWMIWhJOYZKLSGZaP5HkZ8+bY0cxfzwDE5uOmzFXyIwxw==",
      "dev": true
    }
  }
}
